{
  "name": "repro-markdoc-overnesting-selfclose",
  "lockfileVersion": 3,
  "requires": true,
  "packages": {
    "": {
      "devDependencies": {
        "@markdoc/markdoc": "0.2.2",
        "esbuild-register": "^3.4.2",
        "htmlparser2": "^9.0.0"
      }
    },
    "node_modules/@esbuild/android-arm": {
      "version": "0.18.1",
      "resolved": "https://registry.npmjs.org/@esbuild/android-arm/-/android-arm-0.18.1.tgz",
      "integrity": "sha512-8+QS98jqdreHLvCojIke8NjcuelB+Osysazr15EhkUIuG0Ov5WK26XgPYWViCTjHnKQxbpS86/JryBOkEpyrBA==",
      "cpu": [
        "arm"
      ],
      "dev": true,
      "optional": true,
      "os": [
        "android"
      ],
      "peer": true,
      "engines": {
        "node": ">=12"
      }
    },
    "node_modules/@esbuild/android-arm64": {
      "version": "0.18.1",
      "resolved": "https://registry.npmjs.org/@esbuild/android-arm64/-/android-arm64-0.18.1.tgz",
      "integrity": "sha512-l5V0IWGTYfQMzl4ulgIHKMZPwabIS4a39ZvtkPwL6LYiX3UtL76sylA6eFKufJCB43mwEYqbXoBSMn++NpxILw==",
      "cpu": [
        "arm64"
      ],
      "dev": true,
      "optional": true,
      "os": [
        "android"
      ],
      "peer": true,
      "engines": {
        "node": ">=12"
      }
    },
    "node_modules/@esbuild/android-x64": {
      "version": "0.18.1",
      "resolved": "https://registry.npmjs.org/@esbuild/android-x64/-/android-x64-0.18.1.tgz",
      "integrity": "sha512-1y8/bRek6EYxQeGTUfwL2mmj6NAeXZ3h5YSc4W2Y/kduI1B8VhT4x5X0VxrcGkIKef4N5qCdziRxvei/YUfESg==",
      "cpu": [
        "x64"
      ],
      "dev": true,
      "optional": true,
      "os": [
        "android"
      ],
      "peer": true,
      "engines": {
        "node": ">=12"
      }
    },
    "node_modules/@esbuild/darwin-arm64": {
      "version": "0.18.1",
      "resolved": "https://registry.npmjs.org/@esbuild/darwin-arm64/-/darwin-arm64-0.18.1.tgz",
      "integrity": "sha512-FFT/on9qQTOntdloQvgfwFkRhNI5l/TCNXZS1CpH6JQd0boR637aThi9g9FYs4o31Ao72/jPZFDiRln5Cu6R2A==",
      "cpu": [
        "arm64"
      ],
      "dev": true,
      "optional": true,
      "os": [
        "darwin"
      ],
      "peer": true,
      "engines": {
        "node": ">=12"
      }
    },
    "node_modules/@esbuild/darwin-x64": {
      "version": "0.18.1",
      "resolved": "https://registry.npmjs.org/@esbuild/darwin-x64/-/darwin-x64-0.18.1.tgz",
      "integrity": "sha512-p/ZIUt+NlW8qRNVTXoKJgRuc49teazvmXBquoGOm5D6IAimTfWJVJrEivqpoMKyDS/0/PxDMRM2lrkxlSa7XeQ==",
      "cpu": [
        "x64"
      ],
      "dev": true,
      "optional": true,
      "os": [
        "darwin"
      ],
      "peer": true,
      "engines": {
        "node": ">=12"
      }
    },
    "node_modules/@esbuild/freebsd-arm64": {
      "version": "0.18.1",
      "resolved": "https://registry.npmjs.org/@esbuild/freebsd-arm64/-/freebsd-arm64-0.18.1.tgz",
      "integrity": "sha512-eYUDR3thO96ULRf4rJcG9TJ/sQc6Z/YNe16mC/KvVeAOtzmeTXiPMETEv/iMqTCxZhYkHyQG/mYbAxPBWC2mcg==",
      "cpu": [
        "arm64"
      ],
      "dev": true,
      "optional": true,
      "os": [
        "freebsd"
      ],
      "peer": true,
      "engines": {
        "node": ">=12"
      }
    },
    "node_modules/@esbuild/freebsd-x64": {
      "version": "0.18.1",
      "resolved": "https://registry.npmjs.org/@esbuild/freebsd-x64/-/freebsd-x64-0.18.1.tgz",
      "integrity": "sha512-w03zjxyg51qktv0JKsV+AbY3uSb1Awifs8IkKQSUXdP3sdPxxmPzZLrlJ1+LjKZRiSa4yP/Haayi/hriNVoIdQ==",
      "cpu": [
        "x64"
      ],
      "dev": true,
      "optional": true,
      "os": [
        "freebsd"
      ],
      "peer": true,
      "engines": {
        "node": ">=12"
      }
    },
    "node_modules/@esbuild/linux-arm": {
      "version": "0.18.1",
      "resolved": "https://registry.npmjs.org/@esbuild/linux-arm/-/linux-arm-0.18.1.tgz",
      "integrity": "sha512-d6FXeb8F/cuXtSZuVHQN0Rz3gs3g2Xy/M4KJJRzbKsBx3pwCQuRdSrYxcr7g0PFN8geIOspiLQnUzwONyMA3Bw==",
      "cpu": [
        "arm"
      ],
      "dev": true,
      "optional": true,
      "os": [
        "linux"
      ],
      "peer": true,
      "engines": {
        "node": ">=12"
      }
    },
    "node_modules/@esbuild/linux-arm64": {
      "version": "0.18.1",
      "resolved": "https://registry.npmjs.org/@esbuild/linux-arm64/-/linux-arm64-0.18.1.tgz",
      "integrity": "sha512-dHlvkKAVlYNt5LPg1GUha99QiaEGKEC21zpHVAxs7hhW6EkR8nN3iWmyndGXxVJm4K7e4lKAzl8ekPqSr5gAXQ==",
      "cpu": [
        "arm64"
      ],
      "dev": true,
      "optional": true,
      "os": [
        "linux"
      ],
      "peer": true,
      "engines": {
        "node": ">=12"
      }
    },
    "node_modules/@esbuild/linux-ia32": {
      "version": "0.18.1",
      "resolved": "https://registry.npmjs.org/@esbuild/linux-ia32/-/linux-ia32-0.18.1.tgz",
      "integrity": "sha512-QHS4duBPuAsLZP82sNeoqTXAJ1mNU4QcfmYtBN/jNvQJXb6n0im8F4ljFSAQbivt1jl1OnKL8HhlLUeKY75nLg==",
      "cpu": [
        "ia32"
      ],
      "dev": true,
      "optional": true,
      "os": [
        "linux"
      ],
      "peer": true,
      "engines": {
        "node": ">=12"
      }
    },
    "node_modules/@esbuild/linux-loong64": {
      "version": "0.18.1",
      "resolved": "https://registry.npmjs.org/@esbuild/linux-loong64/-/linux-loong64-0.18.1.tgz",
      "integrity": "sha512-g4YSiF/qBvXvJhSowxaR7Ei/79otL48Qfjviuo+FpXREykA9nSe407T5ZvezFXryFgdf44Fe8lWpjvtQ+n42cQ==",
      "cpu": [
        "loong64"
      ],
      "dev": true,
      "optional": true,
      "os": [
        "linux"
      ],
      "peer": true,
      "engines": {
        "node": ">=12"
      }
    },
    "node_modules/@esbuild/linux-mips64el": {
      "version": "0.18.1",
      "resolved": "https://registry.npmjs.org/@esbuild/linux-mips64el/-/linux-mips64el-0.18.1.tgz",
      "integrity": "sha512-/G1fzmaR5u2S9wgQhiQEhWRct0+GMpuNjhll59uv5Tjojlma9MUPinVnvpw9Re+Idb6gxe6kmzUxFP2YkC/svg==",
      "cpu": [
        "mips64el"
      ],
      "dev": true,
      "optional": true,
      "os": [
        "linux"
      ],
      "peer": true,
      "engines": {
        "node": ">=12"
      }
    },
    "node_modules/@esbuild/linux-ppc64": {
      "version": "0.18.1",
      "resolved": "https://registry.npmjs.org/@esbuild/linux-ppc64/-/linux-ppc64-0.18.1.tgz",
      "integrity": "sha512-NkDjIvleUc3lSV1VI3QE9Oh5mz3nY11H5TCbi4DJ8X09FGwHN5pDVXdAsQYPGjlt/frXZzq6x7vMmTOb5VyBog==",
      "cpu": [
        "ppc64"
      ],
      "dev": true,
      "optional": true,
      "os": [
        "linux"
      ],
      "peer": true,
      "engines": {
        "node": ">=12"
      }
    },
    "node_modules/@esbuild/linux-riscv64": {
      "version": "0.18.1",
      "resolved": "https://registry.npmjs.org/@esbuild/linux-riscv64/-/linux-riscv64-0.18.1.tgz",
      "integrity": "sha512-IhN7Nz+HyDRnMQOLcCl6m5BgQMITMhS9O1hOqgAUIy6FI0m/0zTSkZHtvMmSIpOy1uleaGqfNDA9SM3nBeTATQ==",
      "cpu": [
        "riscv64"
      ],
      "dev": true,
      "optional": true,
      "os": [
        "linux"
      ],
      "peer": true,
      "engines": {
        "node": ">=12"
      }
    },
    "node_modules/@esbuild/linux-s390x": {
      "version": "0.18.1",
      "resolved": "https://registry.npmjs.org/@esbuild/linux-s390x/-/linux-s390x-0.18.1.tgz",
      "integrity": "sha512-u9iRg0eUUIyBbg5hANvRBYRaAnhVemAA2+pi3IgrzQTMeR/uPHQtJI3XInNZkNR6ACA4Fdl8N941p81XygeqWQ==",
      "cpu": [
        "s390x"
      ],
      "dev": true,
      "optional": true,
      "os": [
        "linux"
      ],
      "peer": true,
      "engines": {
        "node": ">=12"
      }
    },
    "node_modules/@esbuild/linux-x64": {
      "version": "0.18.1",
      "resolved": "https://registry.npmjs.org/@esbuild/linux-x64/-/linux-x64-0.18.1.tgz",
      "integrity": "sha512-0QeWU0a0+RmxPCDt+plXS7/hVMJtfde/LaSzs6X3UTr4FYA0hYpnwDzGXxumcPLzt5c8ctugPuKat0tmRb7noQ==",
      "cpu": [
        "x64"
      ],
      "dev": true,
      "optional": true,
      "os": [
        "linux"
      ],
      "peer": true,
      "engines": {
        "node": ">=12"
      }
    },
    "node_modules/@esbuild/netbsd-x64": {
      "version": "0.18.1",
      "resolved": "https://registry.npmjs.org/@esbuild/netbsd-x64/-/netbsd-x64-0.18.1.tgz",
      "integrity": "sha512-eFL7sxibN8wKuwrRf3HRkcjELALlfl/TavJ8P4J+BJfnkXOITF7zx4tTmGkzK8OwAR9snT2kEfp1Ictc80atGw==",
      "cpu": [
        "x64"
      ],
      "dev": true,
      "optional": true,
      "os": [
        "netbsd"
      ],
      "peer": true,
      "engines": {
        "node": ">=12"
      }
    },
    "node_modules/@esbuild/openbsd-x64": {
      "version": "0.18.1",
      "resolved": "https://registry.npmjs.org/@esbuild/openbsd-x64/-/openbsd-x64-0.18.1.tgz",
      "integrity": "sha512-riCQUnngF2xYUzr0XDdrGEEz0nqnocch0No7SBIQM22wTRi5gt5WqTQexGd/2u2Z19d0rVYQbKBelaJ1dwe9bg==",
      "cpu": [
        "x64"
      ],
      "dev": true,
      "optional": true,
      "os": [
        "openbsd"
      ],
      "peer": true,
      "engines": {
        "node": ">=12"
      }
    },
    "node_modules/@esbuild/sunos-x64": {
      "version": "0.18.1",
      "resolved": "https://registry.npmjs.org/@esbuild/sunos-x64/-/sunos-x64-0.18.1.tgz",
      "integrity": "sha512-6lTop2k+GMkWlrwMy2+55xIBXKfXOi6uzWYypXZZP8HxXG3Mb5N4O71z2KzisVNJtYK2VlQRNbmGtUzIQIhHAw==",
      "cpu": [
        "x64"
      ],
      "dev": true,
      "optional": true,
      "os": [
        "sunos"
      ],
      "peer": true,
      "engines": {
        "node": ">=12"
      }
    },
    "node_modules/@esbuild/win32-arm64": {
      "version": "0.18.1",
      "resolved": "https://registry.npmjs.org/@esbuild/win32-arm64/-/win32-arm64-0.18.1.tgz",
      "integrity": "sha512-d6wt4g9GluZp7xCmgpm7gY6wy0mjcBHbKeeK9MYrlWNFJd8KBcD2uCil8kFuaH3Dt6AUz62D0wIoDETFsZ01Tg==",
      "cpu": [
        "arm64"
      ],
      "dev": true,
      "optional": true,
      "os": [
        "win32"
      ],
      "peer": true,
      "engines": {
        "node": ">=12"
      }
    },
    "node_modules/@esbuild/win32-ia32": {
      "version": "0.18.1",
      "resolved": "https://registry.npmjs.org/@esbuild/win32-ia32/-/win32-ia32-0.18.1.tgz",
      "integrity": "sha512-z51DOtcwECu4WlqJUhu39AVnnpaVmTvXei0EQxc99QK7ZJyn4tj0EelYkMBZckpqzqB/GyGSLwEclKtRJ0l2uw==",
      "cpu": [
        "ia32"
      ],
      "dev": true,
      "optional": true,
      "os": [
        "win32"
      ],
      "peer": true,
      "engines": {
        "node": ">=12"
      }
    },
    "node_modules/@esbuild/win32-x64": {
      "version": "0.18.1",
      "resolved": "https://registry.npmjs.org/@esbuild/win32-x64/-/win32-x64-0.18.1.tgz",
      "integrity": "sha512-6tdeuCLT+l9QuCFaYsNtULO6xH2fgJObvICMCsOZvkqIey6FUXVVju5aO+OZjxswy7WgKadhI1k/nq2wQSmB+Q==",
      "cpu": [
        "x64"
      ],
      "dev": true,
      "optional": true,
      "os": [
        "win32"
      ],
      "peer": true,
      "engines": {
        "node": ">=12"
      }
    },
    "node_modules/@markdoc/markdoc": {
      "version": "0.2.2",
      "resolved": "https://registry.npmjs.org/@markdoc/markdoc/-/markdoc-0.2.2.tgz",
      "integrity": "sha512-0TiD9jmA5h5znN4lxo7HECAu3WieU5g5vUsfByeucrdR/x88hEilpt16EydFyJwJddQ/3w5HQgW7Ovy62r4cyw==",
      "dev": true,
      "engines": {
        "node": ">=14.7.0"
      },
      "optionalDependencies": {
        "@types/markdown-it": "12.2.3"
      },
      "peerDependencies": {
        "@types/react": "*",
        "react": "*"
      },
      "peerDependenciesMeta": {
        "@types/react": {
          "optional": true
        },
        "react": {
          "optional": true
        }
      }
    },
    "node_modules/@types/linkify-it": {
      "version": "3.0.2",
      "resolved": "https://registry.npmjs.org/@types/linkify-it/-/linkify-it-3.0.2.tgz",
      "integrity": "sha512-HZQYqbiFVWufzCwexrvh694SOim8z2d+xJl5UNamcvQFejLY/2YUtzXHYi3cHdI7PMlS8ejH2slRAOJQ32aNbA==",
      "dev": true,
      "optional": true
    },
    "node_modules/@types/markdown-it": {
      "version": "12.2.3",
      "resolved": "https://registry.npmjs.org/@types/markdown-it/-/markdown-it-12.2.3.tgz",
      "integrity": "sha512-GKMHFfv3458yYy+v/N8gjufHO6MSZKCOXpZc5GXIWWy8uldwfmPn98vp81gZ5f9SVw8YYBctgfJ22a2d7AOMeQ==",
      "dev": true,
      "optional": true,
      "dependencies": {
        "@types/linkify-it": "*",
        "@types/mdurl": "*"
      }
    },
    "node_modules/@types/mdurl": {
      "version": "1.0.2",
      "resolved": "https://registry.npmjs.org/@types/mdurl/-/mdurl-1.0.2.tgz",
      "integrity": "sha512-eC4U9MlIcu2q0KQmXszyn5Akca/0jrQmwDRgpAMJai7qBWq4amIQhZyNau4VYGtCeALvW1/NtjzJJ567aZxfKA==",
      "dev": true,
      "optional": true
    },
    "node_modules/debug": {
      "version": "4.3.4",
      "resolved": "https://registry.npmjs.org/debug/-/debug-4.3.4.tgz",
      "integrity": "sha512-PRWFHuSU3eDtQJPvnNY7Jcket1j0t5OuOsFzPPzsekD52Zl8qUfFIPEiswXqIvHWGVHOgX+7G/vCNNhehwxfkQ==",
      "dev": true,
      "dependencies": {
        "ms": "2.1.2"
      },
      "engines": {
        "node": ">=6.0"
      },
      "peerDependenciesMeta": {
        "supports-color": {
          "optional": true
        }
      }
    },
    "node_modules/dom-serializer": {
      "version": "2.0.0",
      "resolved": "https://registry.npmjs.org/dom-serializer/-/dom-serializer-2.0.0.tgz",
      "integrity": "sha512-wIkAryiqt/nV5EQKqQpo3SToSOV9J0DnbJqwK7Wv/Trc92zIAYZ4FlMu+JPFW1DfGFt81ZTCGgDEabffXeLyJg==",
      "dev": true,
      "dependencies": {
        "domelementtype": "^2.3.0",
        "domhandler": "^5.0.2",
        "entities": "^4.2.0"
      },
      "funding": {
        "url": "https://github.com/cheeriojs/dom-serializer?sponsor=1"
      }
    },
    "node_modules/domelementtype": {
      "version": "2.3.0",
      "resolved": "https://registry.npmjs.org/domelementtype/-/domelementtype-2.3.0.tgz",
      "integrity": "sha512-OLETBj6w0OsagBwdXnPdN0cnMfF9opN69co+7ZrbfPGrdpPVNBUj02spi6B1N7wChLQiPn4CSH/zJvXw56gmHw==",
      "dev": true,
      "funding": [
        {
          "type": "github",
          "url": "https://github.com/sponsors/fb55"
        }
      ]
    },
    "node_modules/domhandler": {
      "version": "5.0.3",
      "resolved": "https://registry.npmjs.org/domhandler/-/domhandler-5.0.3.tgz",
      "integrity": "sha512-cgwlv/1iFQiFnU96XXgROh8xTeetsnJiDsTc7TYCLFd9+/WNkIqPTxiM/8pSd8VIrhXGTf1Ny1q1hquVqDJB5w==",
      "dev": true,
      "dependencies": {
        "domelementtype": "^2.3.0"
      },
      "engines": {
        "node": ">= 4"
      },
      "funding": {
        "url": "https://github.com/fb55/domhandler?sponsor=1"
      }
    },
    "node_modules/domutils": {
      "version": "3.1.0",
      "resolved": "https://registry.npmjs.org/domutils/-/domutils-3.1.0.tgz",
      "integrity": "sha512-H78uMmQtI2AhgDJjWeQmHwJJ2bLPD3GMmO7Zja/ZZh84wkm+4ut+IUnUdRa8uCGX88DiVx1j6FRe1XfxEgjEZA==",
      "dev": true,
      "dependencies": {
        "dom-serializer": "^2.0.0",
        "domelementtype": "^2.3.0",
        "domhandler": "^5.0.3"
      },
      "funding": {
        "url": "https://github.com/fb55/domutils?sponsor=1"
      }
    },
    "node_modules/entities": {
      "version": "4.5.0",
      "resolved": "https://registry.npmjs.org/entities/-/entities-4.5.0.tgz",
      "integrity": "sha512-V0hjH4dGPh9Ao5p0MoRY6BVqtwCjhz6vI5LT8AJ55H+4g9/4vbHx1I54fS0XuclLhDHArPQCiMjDxjaL8fPxhw==",
      "dev": true,
      "engines": {
        "node": ">=0.12"
      },
      "funding": {
        "url": "https://github.com/fb55/entities?sponsor=1"
      }
    },
    "node_modules/esbuild": {
      "version": "0.18.1",
      "resolved": "https://registry.npmjs.org/esbuild/-/esbuild-0.18.1.tgz",
      "integrity": "sha512-ZUvsIx2wPjpj86b805UwbGJu47Kxgr2UTio9rGhWpBr1oOVk88exzoieOgTweX0UcVCwSAk3z2WvNALpTcpQZw==",
      "dev": true,
      "hasInstallScript": true,
      "peer": true,
      "bin": {
        "esbuild": "bin/esbuild"
      },
      "engines": {
        "node": ">=12"
      },
      "optionalDependencies": {
        "@esbuild/android-arm": "0.18.1",
        "@esbuild/android-arm64": "0.18.1",
        "@esbuild/android-x64": "0.18.1",
        "@esbuild/darwin-arm64": "0.18.1",
        "@esbuild/darwin-x64": "0.18.1",
        "@esbuild/freebsd-arm64": "0.18.1",
        "@esbuild/freebsd-x64": "0.18.1",
        "@esbuild/linux-arm": "0.18.1",
        "@esbuild/linux-arm64": "0.18.1",
        "@esbuild/linux-ia32": "0.18.1",
        "@esbuild/linux-loong64": "0.18.1",
        "@esbuild/linux-mips64el": "0.18.1",
        "@esbuild/linux-ppc64": "0.18.1",
        "@esbuild/linux-riscv64": "0.18.1",
        "@esbuild/linux-s390x": "0.18.1",
        "@esbuild/linux-x64": "0.18.1",
        "@esbuild/netbsd-x64": "0.18.1",
        "@esbuild/openbsd-x64": "0.18.1",
        "@esbuild/sunos-x64": "0.18.1",
        "@esbuild/win32-arm64": "0.18.1",
        "@esbuild/win32-ia32": "0.18.1",
        "@esbuild/win32-x64": "0.18.1"
      }
    },
    "node_modules/esbuild-register": {
      "version": "3.4.2",
      "resolved": "https://registry.npmjs.org/esbuild-register/-/esbuild-register-3.4.2.tgz",
      "integrity": "sha512-kG/XyTDyz6+YDuyfB9ZoSIOOmgyFCH+xPRtsCa8W85HLRV5Csp+o3jWVbOSHgSLfyLc5DmP+KFDNwty4mEjC+Q==",
      "dev": true,
      "dependencies": {
        "debug": "^4.3.4"
      },
      "peerDependencies": {
        "esbuild": ">=0.12 <1"
      }
    },
    "node_modules/htmlparser2": {
      "version": "9.0.0",
      "resolved": "https://registry.npmjs.org/htmlparser2/-/htmlparser2-9.0.0.tgz",
      "integrity": "sha512-uxbSI98wmFT/G4P2zXx4OVx04qWUmyFPrD2/CNepa2Zo3GPNaCaaxElDgwUrwYWkK1nr9fft0Ya8dws8coDLLQ==",
      "dev": true,
      "funding": [
        "https://github.com/fb55/htmlparser2?sponsor=1",
        {
          "type": "github",
          "url": "https://github.com/sponsors/fb55"
        }
      ],
      "dependencies": {
        "domelementtype": "^2.3.0",
        "domhandler": "^5.0.3",
        "domutils": "^3.1.0",
        "entities": "^4.5.0"
      }
    },
    "node_modules/ms": {
      "version": "2.1.2",
      "resolved": "https://registry.npmjs.org/ms/-/ms-2.1.2.tgz",
      "integrity": "sha512-sGkPx+VjMtmA6MX27oA4FBFELFCZZ4S4XqeGOXCv68tT+jb3vk/RyaKWP0PTKyWtmLSM0b+adUTEvbs1PEaH2w==",
      "dev": true
    }
  }
}
